// !$*UTF8*$!
{
	archiveVersion = 1;
	classes = {
	};
	objectVersion = 56;
	objects = {

/* Begin PBXBuildFile section */
		947EB9532BD8196600205931 /* RickAndMortyApp.swift in Sources */ = {isa = PBXBuildFile; fileRef = 947EB9522BD8196600205931 /* RickAndMortyApp.swift */; };
		947EB9552BD8196600205931 /* ContentView.swift in Sources */ = {isa = PBXBuildFile; fileRef = 947EB9542BD8196600205931 /* ContentView.swift */; };
		947EB9572BD8196700205931 /* Assets.xcassets in Resources */ = {isa = PBXBuildFile; fileRef = 947EB9562BD8196700205931 /* Assets.xcassets */; };
		947EB95A2BD8196700205931 /* Preview Assets.xcassets in Resources */ = {isa = PBXBuildFile; fileRef = 947EB9592BD8196700205931 /* Preview Assets.xcassets */; };
		947EB9642BD8196700205931 /* RickAndMortyTests.swift in Sources */ = {isa = PBXBuildFile; fileRef = 947EB9632BD8196700205931 /* RickAndMortyTests.swift */; };
		947EB96E2BD8196700205931 /* RickAndMortyUITests.swift in Sources */ = {isa = PBXBuildFile; fileRef = 947EB96D2BD8196700205931 /* RickAndMortyUITests.swift */; };
		947EB9702BD8196700205931 /* RickAndMortyUITestsLaunchTests.swift in Sources */ = {isa = PBXBuildFile; fileRef = 947EB96F2BD8196700205931 /* RickAndMortyUITestsLaunchTests.swift */; };
		947EB97E2BD81AA000205931 /* API.swift in Sources */ = {isa = PBXBuildFile; fileRef = 947EB97D2BD81AA000205931 /* API.swift */; };
		947EB9812BD81AFC00205931 /* URLSession+Extension.swift in Sources */ = {isa = PBXBuildFile; fileRef = 947EB9802BD81AFC00205931 /* URLSession+Extension.swift */; };
		947EB9832BD81B2000205931 /* Data+Extension.swift in Sources */ = {isa = PBXBuildFile; fileRef = 947EB9822BD81B2000205931 /* Data+Extension.swift */; };
		947EB9872BD81E8000205931 /* Character.swift in Sources */ = {isa = PBXBuildFile; fileRef = 947EB9862BD81E8000205931 /* Character.swift */; };
		947EB98A2BD81FDF00205931 /* APICharactersDataSource.swift in Sources */ = {isa = PBXBuildFile; fileRef = 947EB9892BD81FDF00205931 /* APICharactersDataSource.swift */; };
		947EB98C2BD8204100205931 /* CharacterResults.swift in Sources */ = {isa = PBXBuildFile; fileRef = 947EB98B2BD8204100205931 /* CharacterResults.swift */; };
		947EB98E2BD8244500205931 /* Utils.swift in Sources */ = {isa = PBXBuildFile; fileRef = 947EB98D2BD8244500205931 /* Utils.swift */; };
		947EB9902BD8245400205931 /* Int+Extension.swift in Sources */ = {isa = PBXBuildFile; fileRef = 947EB98F2BD8245400205931 /* Int+Extension.swift */; };
		947EB99A2BD8278F00205931 /* CharactersListViewModel.swift in Sources */ = {isa = PBXBuildFile; fileRef = 947EB9992BD8278F00205931 /* CharactersListViewModel.swift */; };
		947EB99C2BD827D900205931 /* CharactersListView.swift in Sources */ = {isa = PBXBuildFile; fileRef = 947EB99B2BD827D900205931 /* CharactersListView.swift */; };
		947EB99F2BD8285A00205931 /* AlertUIModel.swift in Sources */ = {isa = PBXBuildFile; fileRef = 947EB99E2BD8285A00205931 /* AlertUIModel.swift */; };
		947EB9A12BD8289400205931 /* LoadingView.swift in Sources */ = {isa = PBXBuildFile; fileRef = 947EB9A02BD8289400205931 /* LoadingView.swift */; };
/* End PBXBuildFile section */

/* Begin PBXContainerItemProxy section */
		947EB9602BD8196700205931 /* PBXContainerItemProxy */ = {
			isa = PBXContainerItemProxy;
			containerPortal = 947EB9472BD8196600205931 /* Project object */;
			proxyType = 1;
			remoteGlobalIDString = 947EB94E2BD8196600205931;
			remoteInfo = RickAndMorty;
		};
		947EB96A2BD8196700205931 /* PBXContainerItemProxy */ = {
			isa = PBXContainerItemProxy;
			containerPortal = 947EB9472BD8196600205931 /* Project object */;
			proxyType = 1;
			remoteGlobalIDString = 947EB94E2BD8196600205931;
			remoteInfo = RickAndMorty;
		};
/* End PBXContainerItemProxy section */

/* Begin PBXFileReference section */
		947EB94F2BD8196600205931 /* RickAndMorty.app */ = {isa = PBXFileReference; explicitFileType = wrapper.application; includeInIndex = 0; path = RickAndMorty.app; sourceTree = BUILT_PRODUCTS_DIR; };
		947EB9522BD8196600205931 /* RickAndMortyApp.swift */ = {isa = PBXFileReference; lastKnownFileType = sourcecode.swift; path = RickAndMortyApp.swift; sourceTree = "<group>"; };
		947EB9542BD8196600205931 /* ContentView.swift */ = {isa = PBXFileReference; lastKnownFileType = sourcecode.swift; path = ContentView.swift; sourceTree = "<group>"; };
		947EB9562BD8196700205931 /* Assets.xcassets */ = {isa = PBXFileReference; lastKnownFileType = folder.assetcatalog; path = Assets.xcassets; sourceTree = "<group>"; };
		947EB9592BD8196700205931 /* Preview Assets.xcassets */ = {isa = PBXFileReference; lastKnownFileType = folder.assetcatalog; path = "Preview Assets.xcassets"; sourceTree = "<group>"; };
		947EB95F2BD8196700205931 /* RickAndMortyTests.xctest */ = {isa = PBXFileReference; explicitFileType = wrapper.cfbundle; includeInIndex = 0; path = RickAndMortyTests.xctest; sourceTree = BUILT_PRODUCTS_DIR; };
		947EB9632BD8196700205931 /* RickAndMortyTests.swift */ = {isa = PBXFileReference; lastKnownFileType = sourcecode.swift; path = RickAndMortyTests.swift; sourceTree = "<group>"; };
		947EB9692BD8196700205931 /* RickAndMortyUITests.xctest */ = {isa = PBXFileReference; explicitFileType = wrapper.cfbundle; includeInIndex = 0; path = RickAndMortyUITests.xctest; sourceTree = BUILT_PRODUCTS_DIR; };
		947EB96D2BD8196700205931 /* RickAndMortyUITests.swift */ = {isa = PBXFileReference; lastKnownFileType = sourcecode.swift; path = RickAndMortyUITests.swift; sourceTree = "<group>"; };
		947EB96F2BD8196700205931 /* RickAndMortyUITestsLaunchTests.swift */ = {isa = PBXFileReference; lastKnownFileType = sourcecode.swift; path = RickAndMortyUITestsLaunchTests.swift; sourceTree = "<group>"; };
		947EB97D2BD81AA000205931 /* API.swift */ = {isa = PBXFileReference; lastKnownFileType = sourcecode.swift; path = API.swift; sourceTree = "<group>"; };
		947EB9802BD81AFC00205931 /* URLSession+Extension.swift */ = {isa = PBXFileReference; lastKnownFileType = sourcecode.swift; path = "URLSession+Extension.swift"; sourceTree = "<group>"; };
		947EB9822BD81B2000205931 /* Data+Extension.swift */ = {isa = PBXFileReference; lastKnownFileType = sourcecode.swift; path = "Data+Extension.swift"; sourceTree = "<group>"; };
		947EB9862BD81E8000205931 /* Character.swift */ = {isa = PBXFileReference; lastKnownFileType = sourcecode.swift; path = Character.swift; sourceTree = "<group>"; };
		947EB9892BD81FDF00205931 /* APICharactersDataSource.swift */ = {isa = PBXFileReference; lastKnownFileType = sourcecode.swift; path = APICharactersDataSource.swift; sourceTree = "<group>"; };
		947EB98B2BD8204100205931 /* CharacterResults.swift */ = {isa = PBXFileReference; lastKnownFileType = sourcecode.swift; path = CharacterResults.swift; sourceTree = "<group>"; };
		947EB98D2BD8244500205931 /* Utils.swift */ = {isa = PBXFileReference; lastKnownFileType = sourcecode.swift; path = Utils.swift; sourceTree = "<group>"; };
		947EB98F2BD8245400205931 /* Int+Extension.swift */ = {isa = PBXFileReference; lastKnownFileType = sourcecode.swift; path = "Int+Extension.swift"; sourceTree = "<group>"; };
		947EB9992BD8278F00205931 /* CharactersListViewModel.swift */ = {isa = PBXFileReference; lastKnownFileType = sourcecode.swift; path = CharactersListViewModel.swift; sourceTree = "<group>"; };
		947EB99B2BD827D900205931 /* CharactersListView.swift */ = {isa = PBXFileReference; lastKnownFileType = sourcecode.swift; path = CharactersListView.swift; sourceTree = "<group>"; };
		947EB99E2BD8285A00205931 /* AlertUIModel.swift */ = {isa = PBXFileReference; lastKnownFileType = sourcecode.swift; path = AlertUIModel.swift; sourceTree = "<group>"; };
		947EB9A02BD8289400205931 /* LoadingView.swift */ = {isa = PBXFileReference; lastKnownFileType = sourcecode.swift; path = LoadingView.swift; sourceTree = "<group>"; };
/* End PBXFileReference section */

/* Begin PBXFrameworksBuildPhase section */
		947EB94C2BD8196600205931 /* Frameworks */ = {
			isa = PBXFrameworksBuildPhase;
			buildActionMask = 2147483647;
			files = (
			);
			runOnlyForDeploymentPostprocessing = 0;
		};
		947EB95C2BD8196700205931 /* Frameworks */ = {
			isa = PBXFrameworksBuildPhase;
			buildActionMask = 2147483647;
			files = (
			);
			runOnlyForDeploymentPostprocessing = 0;
		};
		947EB9662BD8196700205931 /* Frameworks */ = {
			isa = PBXFrameworksBuildPhase;
			buildActionMask = 2147483647;
			files = (
			);
			runOnlyForDeploymentPostprocessing = 0;
		};
/* End PBXFrameworksBuildPhase section */

/* Begin PBXGroup section */
		947EB9462BD8196600205931 = {
			isa = PBXGroup;
			children = (
				947EB9512BD8196600205931 /* RickAndMorty */,
				947EB9622BD8196700205931 /* RickAndMortyTests */,
				947EB96C2BD8196700205931 /* RickAndMortyUITests */,
				947EB9502BD8196600205931 /* Products */,
			);
			sourceTree = "<group>";
		};
		947EB9502BD8196600205931 /* Products */ = {
			isa = PBXGroup;
			children = (
				947EB94F2BD8196600205931 /* RickAndMorty.app */,
				947EB95F2BD8196700205931 /* RickAndMortyTests.xctest */,
				947EB9692BD8196700205931 /* RickAndMortyUITests.xctest */,
			);
			name = Products;
			sourceTree = "<group>";
		};
		947EB9512BD8196600205931 /* RickAndMorty */ = {
			isa = PBXGroup;
			children = (
				947EB99D2BD8284300205931 /* Views */,
				947EB9912BD8269B00205931 /* Controllers */,
				947EB97F2BD81AE600205931 /* Utils */,
				947EB97C2BD81A8500205931 /* API */,
				947EB9522BD8196600205931 /* RickAndMortyApp.swift */,
				947EB9542BD8196600205931 /* ContentView.swift */,
				947EB9562BD8196700205931 /* Assets.xcassets */,
				947EB9582BD8196700205931 /* Preview Content */,
			);
			path = RickAndMorty;
			sourceTree = "<group>";
		};
		947EB9582BD8196700205931 /* Preview Content */ = {
			isa = PBXGroup;
			children = (
				947EB9592BD8196700205931 /* Preview Assets.xcassets */,
			);
			path = "Preview Content";
			sourceTree = "<group>";
		};
		947EB9622BD8196700205931 /* RickAndMortyTests */ = {
			isa = PBXGroup;
			children = (
				947EB9632BD8196700205931 /* RickAndMortyTests.swift */,
			);
			path = RickAndMortyTests;
			sourceTree = "<group>";
		};
		947EB96C2BD8196700205931 /* RickAndMortyUITests */ = {
			isa = PBXGroup;
			children = (
				947EB96D2BD8196700205931 /* RickAndMortyUITests.swift */,
				947EB96F2BD8196700205931 /* RickAndMortyUITestsLaunchTests.swift */,
			);
			path = RickAndMortyUITests;
			sourceTree = "<group>";
		};
		947EB97C2BD81A8500205931 /* API */ = {
			isa = PBXGroup;
			children = (
				947EB9842BD81E4B00205931 /* Characters */,
				947EB97D2BD81AA000205931 /* API.swift */,
			);
			path = API;
			sourceTree = "<group>";
		};
		947EB97F2BD81AE600205931 /* Utils */ = {
			isa = PBXGroup;
			children = (
				947EB9802BD81AFC00205931 /* URLSession+Extension.swift */,
				947EB9822BD81B2000205931 /* Data+Extension.swift */,
				947EB98D2BD8244500205931 /* Utils.swift */,
				947EB98F2BD8245400205931 /* Int+Extension.swift */,
			);
			path = Utils;
			sourceTree = "<group>";
		};
		947EB9842BD81E4B00205931 /* Characters */ = {
			isa = PBXGroup;
			children = (
				947EB9852BD81E5F00205931 /* Model */,
				947EB9892BD81FDF00205931 /* APICharactersDataSource.swift */,
			);
			path = Characters;
			sourceTree = "<group>";
		};
		947EB9852BD81E5F00205931 /* Model */ = {
			isa = PBXGroup;
			children = (
				947EB9862BD81E8000205931 /* Character.swift */,
				947EB98B2BD8204100205931 /* CharacterResults.swift */,
			);
			path = Model;
			sourceTree = "<group>";
		};
		947EB9912BD8269B00205931 /* Controllers */ = {
			isa = PBXGroup;
			children = (
				947EB9922BD826CF00205931 /* CharactersList */,
			);
			path = Controllers;
			sourceTree = "<group>";
		};
		947EB9922BD826CF00205931 /* CharactersList */ = {
			isa = PBXGroup;
			children = (
				947EB9992BD8278F00205931 /* CharactersListViewModel.swift */,
				947EB99B2BD827D900205931 /* CharactersListView.swift */,
			);
			path = CharactersList;
			sourceTree = "<group>";
		};
		947EB99D2BD8284300205931 /* Views */ = {
			isa = PBXGroup;
			children = (
				947EB99E2BD8285A00205931 /* AlertUIModel.swift */,
				947EB9A02BD8289400205931 /* LoadingView.swift */,
			);
			path = Views;
			sourceTree = "<group>";
		};
/* End PBXGroup section */

/* Begin PBXNativeTarget section */
		947EB94E2BD8196600205931 /* RickAndMorty */ = {
			isa = PBXNativeTarget;
			buildConfigurationList = 947EB9732BD8196700205931 /* Build configuration list for PBXNativeTarget "RickAndMorty" */;
			buildPhases = (
				947EB94B2BD8196600205931 /* Sources */,
				947EB94C2BD8196600205931 /* Frameworks */,
				947EB94D2BD8196600205931 /* Resources */,
			);
			buildRules = (
			);
			dependencies = (
			);
			name = RickAndMorty;
			productName = RickAndMorty;
			productReference = 947EB94F2BD8196600205931 /* RickAndMorty.app */;
			productType = "com.apple.product-type.application";
		};
		947EB95E2BD8196700205931 /* RickAndMortyTests */ = {
			isa = PBXNativeTarget;
			buildConfigurationList = 947EB9762BD8196700205931 /* Build configuration list for PBXNativeTarget "RickAndMortyTests" */;
			buildPhases = (
				947EB95B2BD8196700205931 /* Sources */,
				947EB95C2BD8196700205931 /* Frameworks */,
				947EB95D2BD8196700205931 /* Resources */,
			);
			buildRules = (
			);
			dependencies = (
				947EB9612BD8196700205931 /* PBXTargetDependency */,
			);
			name = RickAndMortyTests;
			productName = RickAndMortyTests;
			productReference = 947EB95F2BD8196700205931 /* RickAndMortyTests.xctest */;
			productType = "com.apple.product-type.bundle.unit-test";
		};
		947EB9682BD8196700205931 /* RickAndMortyUITests */ = {
			isa = PBXNativeTarget;
			buildConfigurationList = 947EB9792BD8196700205931 /* Build configuration list for PBXNativeTarget "RickAndMortyUITests" */;
			buildPhases = (
				947EB9652BD8196700205931 /* Sources */,
				947EB9662BD8196700205931 /* Frameworks */,
				947EB9672BD8196700205931 /* Resources */,
			);
			buildRules = (
			);
			dependencies = (
				947EB96B2BD8196700205931 /* PBXTargetDependency */,
			);
			name = RickAndMortyUITests;
			productName = RickAndMortyUITests;
			productReference = 947EB9692BD8196700205931 /* RickAndMortyUITests.xctest */;
			productType = "com.apple.product-type.bundle.ui-testing";
		};
/* End PBXNativeTarget section */

/* Begin PBXProject section */
		947EB9472BD8196600205931 /* Project object */ = {
			isa = PBXProject;
			attributes = {
				BuildIndependentTargetsInParallel = 1;
				LastSwiftUpdateCheck = 1530;
				LastUpgradeCheck = 1530;
				TargetAttributes = {
					947EB94E2BD8196600205931 = {
						CreatedOnToolsVersion = 15.3;
					};
					947EB95E2BD8196700205931 = {
						CreatedOnToolsVersion = 15.3;
						TestTargetID = 947EB94E2BD8196600205931;
					};
					947EB9682BD8196700205931 = {
						CreatedOnToolsVersion = 15.3;
						TestTargetID = 947EB94E2BD8196600205931;
					};
				};
			};
			buildConfigurationList = 947EB94A2BD8196600205931 /* Build configuration list for PBXProject "RickAndMorty" */;
			compatibilityVersion = "Xcode 14.0";
			developmentRegion = en;
			hasScannedForEncodings = 0;
			knownRegions = (
				en,
				Base,
			);
			mainGroup = 947EB9462BD8196600205931;
			productRefGroup = 947EB9502BD8196600205931 /* Products */;
			projectDirPath = "";
			projectRoot = "";
			targets = (
				947EB94E2BD8196600205931 /* RickAndMorty */,
				947EB95E2BD8196700205931 /* RickAndMortyTests */,
				947EB9682BD8196700205931 /* RickAndMortyUITests */,
			);
		};
/* End PBXProject section */

/* Begin PBXResourcesBuildPhase section */
		947EB94D2BD8196600205931 /* Resources */ = {
			isa = PBXResourcesBuildPhase;
			buildActionMask = 2147483647;
			files = (
				947EB95A2BD8196700205931 /* Preview Assets.xcassets in Resources */,
				947EB9572BD8196700205931 /* Assets.xcassets in Resources */,
			);
			runOnlyForDeploymentPostprocessing = 0;
		};
		947EB95D2BD8196700205931 /* Resources */ = {
			isa = PBXResourcesBuildPhase;
			buildActionMask = 2147483647;
			files = (
			);
			runOnlyForDeploymentPostprocessing = 0;
		};
		947EB9672BD8196700205931 /* Resources */ = {
			isa = PBXResourcesBuildPhase;
			buildActionMask = 2147483647;
			files = (
			);
			runOnlyForDeploymentPostprocessing = 0;
		};
/* End PBXResourcesBuildPhase section */

/* Begin PBXSourcesBuildPhase section */
		947EB94B2BD8196600205931 /* Sources */ = {
			isa = PBXSourcesBuildPhase;
			buildActionMask = 2147483647;
			files = (
				947EB99A2BD8278F00205931 /* CharactersListViewModel.swift in Sources */,
				947EB98C2BD8204100205931 /* CharacterResults.swift in Sources */,
				947EB99C2BD827D900205931 /* CharactersListView.swift in Sources */,
				947EB9812BD81AFC00205931 /* URLSession+Extension.swift in Sources */,
				947EB98E2BD8244500205931 /* Utils.swift in Sources */,
				947EB9A12BD8289400205931 /* LoadingView.swift in Sources */,
				947EB9552BD8196600205931 /* ContentView.swift in Sources */,
				947EB99F2BD8285A00205931 /* AlertUIModel.swift in Sources */,
				947EB9832BD81B2000205931 /* Data+Extension.swift in Sources */,
				947EB9902BD8245400205931 /* Int+Extension.swift in Sources */,
				947EB9872BD81E8000205931 /* Character.swift in Sources */,
				947EB98A2BD81FDF00205931 /* APICharactersDataSource.swift in Sources */,
				947EB97E2BD81AA000205931 /* API.swift in Sources */,
				947EB9532BD8196600205931 /* RickAndMortyApp.swift in Sources */,
			);
			runOnlyForDeploymentPostprocessing = 0;
		};
		947EB95B2BD8196700205931 /* Sources */ = {
			isa = PBXSourcesBuildPhase;
			buildActionMask = 2147483647;
			files = (
				947EB9642BD8196700205931 /* RickAndMortyTests.swift in Sources */,
			);
			runOnlyForDeploymentPostprocessing = 0;
		};
		947EB9652BD8196700205931 /* Sources */ = {
			isa = PBXSourcesBuildPhase;
			buildActionMask = 2147483647;
			files = (
				947EB96E2BD8196700205931 /* RickAndMortyUITests.swift in Sources */,
				947EB9702BD8196700205931 /* RickAndMortyUITestsLaunchTests.swift in Sources */,
			);
			runOnlyForDeploymentPostprocessing = 0;
		};
/* End PBXSourcesBuildPhase section */

/* Begin PBXTargetDependency section */
		947EB9612BD8196700205931 /* PBXTargetDependency */ = {
			isa = PBXTargetDependency;
			target = 947EB94E2BD8196600205931 /* RickAndMorty */;
			targetProxy = 947EB9602BD8196700205931 /* PBXContainerItemProxy */;
		};
		947EB96B2BD8196700205931 /* PBXTargetDependency */ = {
			isa = PBXTargetDependency;
			target = 947EB94E2BD8196600205931 /* RickAndMorty */;
			targetProxy = 947EB96A2BD8196700205931 /* PBXContainerItemProxy */;
		};
/* End PBXTargetDependency section */

/* Begin XCBuildConfiguration section */
		947EB9712BD8196700205931 /* Debug */ = {
			isa = XCBuildConfiguration;
			buildSettings = {
				ALWAYS_SEARCH_USER_PATHS = NO;
				ASSETCATALOG_COMPILER_GENERATE_SWIFT_ASSET_SYMBOL_EXTENSIONS = YES;
				CLANG_ANALYZER_NONNULL = YES;
				CLANG_ANALYZER_NUMBER_OBJECT_CONVERSION = YES_AGGRESSIVE;
				CLANG_CXX_LANGUAGE_STANDARD = "gnu++20";
				CLANG_ENABLE_MODULES = YES;
				CLANG_ENABLE_OBJC_ARC = YES;
				CLANG_ENABLE_OBJC_WEAK = YES;
				CLANG_WARN_BLOCK_CAPTURE_AUTORELEASING = YES;
				CLANG_WARN_BOOL_CONVERSION = YES;
				CLANG_WARN_COMMA = YES;
				CLANG_WARN_CONSTANT_CONVERSION = YES;
				CLANG_WARN_DEPRECATED_OBJC_IMPLEMENTATIONS = YES;
				CLANG_WARN_DIRECT_OBJC_ISA_USAGE = YES_ERROR;
				CLANG_WARN_DOCUMENTATION_COMMENTS = YES;
				CLANG_WARN_EMPTY_BODY = YES;
				CLANG_WARN_ENUM_CONVERSION = YES;
				CLANG_WARN_INFINITE_RECURSION = YES;
				CLANG_WARN_INT_CONVERSION = YES;
				CLANG_WARN_NON_LITERAL_NULL_CONVERSION = YES;
				CLANG_WARN_OBJC_IMPLICIT_RETAIN_SELF = YES;
				CLANG_WARN_OBJC_LITERAL_CONVERSION = YES;
				CLANG_WARN_OBJC_ROOT_CLASS = YES_ERROR;
				CLANG_WARN_QUOTED_INCLUDE_IN_FRAMEWORK_HEADER = YES;
				CLANG_WARN_RANGE_LOOP_ANALYSIS = YES;
				CLANG_WARN_STRICT_PROTOTYPES = YES;
				CLANG_WARN_SUSPICIOUS_MOVE = YES;
				CLANG_WARN_UNGUARDED_AVAILABILITY = YES_AGGRESSIVE;
				CLANG_WARN_UNREACHABLE_CODE = YES;
				CLANG_WARN__DUPLICATE_METHOD_MATCH = YES;
				COPY_PHASE_STRIP = NO;
				DEBUG_INFORMATION_FORMAT = dwarf;
				ENABLE_STRICT_OBJC_MSGSEND = YES;
				ENABLE_TESTABILITY = YES;
				ENABLE_USER_SCRIPT_SANDBOXING = YES;
				GCC_C_LANGUAGE_STANDARD = gnu17;
				GCC_DYNAMIC_NO_PIC = NO;
				GCC_NO_COMMON_BLOCKS = YES;
				GCC_OPTIMIZATION_LEVEL = 0;
				GCC_PREPROCESSOR_DEFINITIONS = (
					"DEBUG=1",
					"$(inherited)",
				);
				GCC_WARN_64_TO_32_BIT_CONVERSION = YES;
				GCC_WARN_ABOUT_RETURN_TYPE = YES_ERROR;
				GCC_WARN_UNDECLARED_SELECTOR = YES;
				GCC_WARN_UNINITIALIZED_AUTOS = YES_AGGRESSIVE;
				GCC_WARN_UNUSED_FUNCTION = YES;
				GCC_WARN_UNUSED_VARIABLE = YES;
				IPHONEOS_DEPLOYMENT_TARGET = 17.4;
				LOCALIZATION_PREFERS_STRING_CATALOGS = YES;
				MTL_ENABLE_DEBUG_INFO = INCLUDE_SOURCE;
				MTL_FAST_MATH = YES;
				ONLY_ACTIVE_ARCH = YES;
				SDKROOT = iphoneos;
				SWIFT_ACTIVE_COMPILATION_CONDITIONS = "DEBUG $(inherited)";
				SWIFT_OPTIMIZATION_LEVEL = "-Onone";
			};
			name = Debug;
		};
		947EB9722BD8196700205931 /* Release */ = {
			isa = XCBuildConfiguration;
			buildSettings = {
				ALWAYS_SEARCH_USER_PATHS = NO;
				ASSETCATALOG_COMPILER_GENERATE_SWIFT_ASSET_SYMBOL_EXTENSIONS = YES;
				CLANG_ANALYZER_NONNULL = YES;
				CLANG_ANALYZER_NUMBER_OBJECT_CONVERSION = YES_AGGRESSIVE;
				CLANG_CXX_LANGUAGE_STANDARD = "gnu++20";
				CLANG_ENABLE_MODULES = YES;
				CLANG_ENABLE_OBJC_ARC = YES;
				CLANG_ENABLE_OBJC_WEAK = YES;
				CLANG_WARN_BLOCK_CAPTURE_AUTORELEASING = YES;
				CLANG_WARN_BOOL_CONVERSION = YES;
				CLANG_WARN_COMMA = YES;
				CLANG_WARN_CONSTANT_CONVERSION = YES;
				CLANG_WARN_DEPRECATED_OBJC_IMPLEMENTATIONS = YES;
				CLANG_WARN_DIRECT_OBJC_ISA_USAGE = YES_ERROR;
				CLANG_WARN_DOCUMENTATION_COMMENTS = YES;
				CLANG_WARN_EMPTY_BODY = YES;
				CLANG_WARN_ENUM_CONVERSION = YES;
				CLANG_WARN_INFINITE_RECURSION = YES;
				CLANG_WARN_INT_CONVERSION = YES;
				CLANG_WARN_NON_LITERAL_NULL_CONVERSION = YES;
				CLANG_WARN_OBJC_IMPLICIT_RETAIN_SELF = YES;
				CLANG_WARN_OBJC_LITERAL_CONVERSION = YES;
				CLANG_WARN_OBJC_ROOT_CLASS = YES_ERROR;
				CLANG_WARN_QUOTED_INCLUDE_IN_FRAMEWORK_HEADER = YES;
				CLANG_WARN_RANGE_LOOP_ANALYSIS = YES;
				CLANG_WARN_STRICT_PROTOTYPES = YES;
				CLANG_WARN_SUSPICIOUS_MOVE = YES;
				CLANG_WARN_UNGUARDED_AVAILABILITY = YES_AGGRESSIVE;
				CLANG_WARN_UNREACHABLE_CODE = YES;
				CLANG_WARN__DUPLICATE_METHOD_MATCH = YES;
				COPY_PHASE_STRIP = NO;
				DEBUG_INFORMATION_FORMAT = "dwarf-with-dsym";
				ENABLE_NS_ASSERTIONS = NO;
				ENABLE_STRICT_OBJC_MSGSEND = YES;
				ENABLE_USER_SCRIPT_SANDBOXING = YES;
				GCC_C_LANGUAGE_STANDARD = gnu17;
				GCC_NO_COMMON_BLOCKS = YES;
				GCC_WARN_64_TO_32_BIT_CONVERSION = YES;
				GCC_WARN_ABOUT_RETURN_TYPE = YES_ERROR;
				GCC_WARN_UNDECLARED_SELECTOR = YES;
				GCC_WARN_UNINITIALIZED_AUTOS = YES_AGGRESSIVE;
				GCC_WARN_UNUSED_FUNCTION = YES;
				GCC_WARN_UNUSED_VARIABLE = YES;
				IPHONEOS_DEPLOYMENT_TARGET = 17.4;
				LOCALIZATION_PREFERS_STRING_CATALOGS = YES;
				MTL_ENABLE_DEBUG_INFO = NO;
				MTL_FAST_MATH = YES;
				SDKROOT = iphoneos;
				SWIFT_COMPILATION_MODE = wholemodule;
				VALIDATE_PRODUCT = YES;
			};
			name = Release;
		};
		947EB9742BD8196700205931 /* Debug */ = {
			isa = XCBuildConfiguration;
			buildSettings = {
				ASSETCATALOG_COMPILER_APPICON_NAME = AppIcon;
				ASSETCATALOG_COMPILER_GLOBAL_ACCENT_COLOR_NAME = AccentColor;
				CODE_SIGN_STYLE = Automatic;
				CURRENT_PROJECT_VERSION = 1;
				DEVELOPMENT_ASSET_PATHS = "\"RickAndMorty/Preview Content\"";
				ENABLE_PREVIEWS = YES;
				GENERATE_INFOPLIST_FILE = YES;
				INFOPLIST_KEY_UIApplicationSceneManifest_Generation = YES;
				INFOPLIST_KEY_UIApplicationSupportsIndirectInputEvents = YES;
				INFOPLIST_KEY_UILaunchScreen_Generation = YES;
				INFOPLIST_KEY_UISupportedInterfaceOrientations_iPad = "UIInterfaceOrientationPortrait UIInterfaceOrientationPortraitUpsideDown UIInterfaceOrientationLandscapeLeft UIInterfaceOrientationLandscapeRight";
				INFOPLIST_KEY_UISupportedInterfaceOrientations_iPhone = "UIInterfaceOrientationPortrait UIInterfaceOrientationLandscapeLeft UIInterfaceOrientationLandscapeRight";
				LD_RUNPATH_SEARCH_PATHS = (
					"$(inherited)",
					"@executable_path/Frameworks",
				);
				MARKETING_VERSION = 1.0;
				PRODUCT_BUNDLE_IDENTIFIER = com.franlucena.RickAndMorty;
				PRODUCT_NAME = "$(TARGET_NAME)";
				SWIFT_EMIT_LOC_STRINGS = YES;
				SWIFT_VERSION = 5.0;
				TARGETED_DEVICE_FAMILY = "1,2";
			};
			name = Debug;
		};
		947EB9752BD8196700205931 /* Release */ = {
			isa = XCBuildConfiguration;
			buildSettings = {
				ASSETCATALOG_COMPILER_APPICON_NAME = AppIcon;
				ASSETCATALOG_COMPILER_GLOBAL_ACCENT_COLOR_NAME = AccentColor;
				CODE_SIGN_STYLE = Automatic;
				CURRENT_PROJECT_VERSION = 1;
				DEVELOPMENT_ASSET_PATHS = "\"RickAndMorty/Preview Content\"";
				ENABLE_PREVIEWS = YES;
				GENERATE_INFOPLIST_FILE = YES;
				INFOPLIST_KEY_UIApplicationSceneManifest_Generation = YES;
				INFOPLIST_KEY_UIApplicationSupportsIndirectInputEvents = YES;
				INFOPLIST_KEY_UILaunchScreen_Generation = YES;
				INFOPLIST_KEY_UISupportedInterfaceOrientations_iPad = "UIInterfaceOrientationPortrait UIInterfaceOrientationPortraitUpsideDown UIInterfaceOrientationLandscapeLeft UIInterfaceOrientationLandscapeRight";
				INFOPLIST_KEY_UISupportedInterfaceOrientations_iPhone = "UIInterfaceOrientationPortrait UIInterfaceOrientationLandscapeLeft UIInterfaceOrientationLandscapeRight";
				LD_RUNPATH_SEARCH_PATHS = (
					"$(inherited)",
					"@executable_path/Frameworks",
				);
				MARKETING_VERSION = 1.0;
				PRODUCT_BUNDLE_IDENTIFIER = com.franlucena.RickAndMorty;
				PRODUCT_NAME = "$(TARGET_NAME)";
				SWIFT_EMIT_LOC_STRINGS = YES;
				SWIFT_VERSION = 5.0;
				TARGETED_DEVICE_FAMILY = "1,2";
			};
			name = Release;
		};
		947EB9772BD8196700205931 /* Debug */ = {
			isa = XCBuildConfiguration;
			buildSettings = {
				ALWAYS_EMBED_SWIFT_STANDARD_LIBRARIES = YES;
				BUNDLE_LOADER = "$(TEST_HOST)";
				CODE_SIGN_STYLE = Automatic;
				CURRENT_PROJECT_VERSION = 1;
				GENERATE_INFOPLIST_FILE = YES;
				IPHONEOS_DEPLOYMENT_TARGET = 17.4;
				MARKETING_VERSION = 1.0;
				PRODUCT_BUNDLE_IDENTIFIER = com.franlucena.RickAndMortyTests;
				PRODUCT_NAME = "$(TARGET_NAME)";
				SWIFT_EMIT_LOC_STRINGS = NO;
				SWIFT_VERSION = 5.0;
				TARGETED_DEVICE_FAMILY = "1,2";
				TEST_HOST = "$(BUILT_PRODUCTS_DIR)/RickAndMorty.app/$(BUNDLE_EXECUTABLE_FOLDER_PATH)/RickAndMorty";
			};
			name = Debug;
		};
		947EB9782BD8196700205931 /* Release */ = {
			isa = XCBuildConfiguration;
			buildSettings = {
				ALWAYS_EMBED_SWIFT_STANDARD_LIBRARIES = YES;
				BUNDLE_LOADER = "$(TEST_HOST)";
				CODE_SIGN_STYLE = Automatic;
				CURRENT_PROJECT_VERSION = 1;
				GENERATE_INFOPLIST_FILE = YES;
				IPHONEOS_DEPLOYMENT_TARGET = 17.4;
				MARKETING_VERSION = 1.0;
				PRODUCT_BUNDLE_IDENTIFIER = com.franlucena.RickAndMortyTests;
				PRODUCT_NAME = "$(TARGET_NAME)";
				SWIFT_EMIT_LOC_STRINGS = NO;
				SWIFT_VERSION = 5.0;
				TARGETED_DEVICE_FAMILY = "1,2";
				TEST_HOST = "$(BUILT_PRODUCTS_DIR)/RickAndMorty.app/$(BUNDLE_EXECUTABLE_FOLDER_PATH)/RickAndMorty";
			};
			name = Release;
		};
		947EB97A2BD8196700205931 /* Debug */ = {
			isa = XCBuildConfiguration;
			buildSettings = {
				ALWAYS_EMBED_SWIFT_STANDARD_LIBRARIES = YES;
				CODE_SIGN_STYLE = Automatic;
				CURRENT_PROJECT_VERSION = 1;
				GENERATE_INFOPLIST_FILE = YES;
				MARKETING_VERSION = 1.0;
				PRODUCT_BUNDLE_IDENTIFIER = com.franlucena.RickAndMortyUITests;
				PRODUCT_NAME = "$(TARGET_NAME)";
				SWIFT_EMIT_LOC_STRINGS = NO;
				SWIFT_VERSION = 5.0;
				TARGETED_DEVICE_FAMILY = "1,2";
				TEST_TARGET_NAME = RickAndMorty;
			};
			name = Debug;
		};
		947EB97B2BD8196700205931 /* Release */ = {
			isa = XCBuildConfiguration;
			buildSettings = {
				ALWAYS_EMBED_SWIFT_STANDARD_LIBRARIES = YES;
				CODE_SIGN_STYLE = Automatic;
				CURRENT_PROJECT_VERSION = 1;
				GENERATE_INFOPLIST_FILE = YES;
				MARKETING_VERSION = 1.0;
				PRODUCT_BUNDLE_IDENTIFIER = com.franlucena.RickAndMortyUITests;
				PRODUCT_NAME = "$(TARGET_NAME)";
				SWIFT_EMIT_LOC_STRINGS = NO;
				SWIFT_VERSION = 5.0;
				TARGETED_DEVICE_FAMILY = "1,2";
				TEST_TARGET_NAME = RickAndMorty;
			};
			name = Release;
		};
/* End XCBuildConfiguration section */

/* Begin XCConfigurationList section */
		947EB94A2BD8196600205931 /* Build configuration list for PBXProject "RickAndMorty" */ = {
			isa = XCConfigurationList;
			buildConfigurations = (
				947EB9712BD8196700205931 /* Debug */,
				947EB9722BD8196700205931 /* Release */,
			);
			defaultConfigurationIsVisible = 0;
			defaultConfigurationName = Release;
		};
		947EB9732BD8196700205931 /* Build configuration list for PBXNativeTarget "RickAndMorty" */ = {
			isa = XCConfigurationList;
			buildConfigurations = (
				947EB9742BD8196700205931 /* Debug */,
				947EB9752BD8196700205931 /* Release */,
			);
			defaultConfigurationIsVisible = 0;
			defaultConfigurationName = Release;
		};
		947EB9762BD8196700205931 /* Build configuration list for PBXNativeTarget "RickAndMortyTests" */ = {
			isa = XCConfigurationList;
			buildConfigurations = (
				947EB9772BD8196700205931 /* Debug */,
				947EB9782BD8196700205931 /* Release */,
			);
			defaultConfigurationIsVisible = 0;
			defaultConfigurationName = Release;
		};
		947EB9792BD8196700205931 /* Build configuration list for PBXNativeTarget "RickAndMortyUITests" */ = {
			isa = XCConfigurationList;
			buildConfigurations = (
				947EB97A2BD8196700205931 /* Debug */,
				947EB97B2BD8196700205931 /* Release */,
			);
			defaultConfigurationIsVisible = 0;
			defaultConfigurationName = Release;
		};
/* End XCConfigurationList section */
	};
	rootObject = 947EB9472BD8196600205931 /* Project object */;
}
